
Microsoft Visual Studio Solution File, Format Version 12.00
# Visual Studio Version 17
VisualStudioVersion = 17.6.33723.286
MinimumVisualStudioVersion = 10.0.40219.1
Project("{2150E333-8FDC-42A3-9474-1A3956D46DE8}") = "BLL", "BLL", "{26550564-7C40-42BF-895D-94C2C378D13C}"
EndProject
Project("{2150E333-8FDC-42A3-9474-1A3956D46DE8}") = "DAL", "DAL", "{443C0D05-DE30-4870-957E-FEC6FA39273C}"
EndProject
Project("{9A19103F-16F7-4668-BE54-9A1E7A4F7556}") = "User.BLL", "User.BLL\User.BLL.csproj", "{9CE68B99-7E62-4C59-93FF-49E91CAE4ECE}"
EndProject
Project("{9A19103F-16F7-4668-BE54-9A1E7A4F7556}") = "User.Repository", "User.Repository\User.Repository.csproj", "{528E1D53-3DEA-4965-BBDD-BE4A104D1EB3}"
EndProject
Project("{9A19103F-16F7-4668-BE54-9A1E7A4F7556}") = "User.BLL.Contract", "User.BLL.Contract\User.BLL.Contract.csproj", "{9124921C-28E2-442E-BD85-C120187E1C0F}"
EndProject
Project("{9A19103F-16F7-4668-BE54-9A1E7A4F7556}") = "User.Repository.Contract", "User.DAL.Contract\User.Repository.Contract.csproj", "{5E3B7649-5D9A-45FC-A174-5BC3C45523C2}"
EndProject
Project("{2150E333-8FDC-42A3-9474-1A3956D46DE8}") = "Model", "Model", "{94CE0889-105F-4167-80DD-44D4D263A589}"
EndProject
Project("{9A19103F-16F7-4668-BE54-9A1E7A4F7556}") = "Models", "Models\Models.csproj", "{5C3444DF-2214-4EE9-B33C-7068F26C44EE}"
EndProject
Project("{2150E333-8FDC-42A3-9474-1A3956D46DE8}") = "Host", "Host", "{B0C874F7-7398-4566-B308-39AC50CBCBD1}"
EndProject
Project("{9A19103F-16F7-4668-BE54-9A1E7A4F7556}") = "User.GrpcService.Host", "User.GrpcService.Host\User.GrpcService.Host.csproj", "{084A60EB-1FBE-48EF-979E-B330F311414D}"
EndProject
Project("{2150E333-8FDC-42A3-9474-1A3956D46DE8}") = "Client", "Client", "{8A508EF5-AD44-426E-9495-2A0B67F991DF}"
EndProject
Project("{9A19103F-16F7-4668-BE54-9A1E7A4F7556}") = "User.Client.ConsoleApp", "User.Client.ConsoleApp\User.Client.ConsoleApp.csproj", "{EAA60DAD-5E17-4656-A354-72ED8F864D74}"
EndProject
Global
	GlobalSection(SolutionConfigurationPlatforms) = preSolution
		Debug|Any CPU = Debug|Any CPU
		Release|Any CPU = Release|Any CPU
	EndGlobalSection
	GlobalSection(ProjectConfigurationPlatforms) = postSolution
		{9CE68B99-7E62-4C59-93FF-49E91CAE4ECE}.Debug|Any CPU.ActiveCfg = Debug|Any CPU
		{9CE68B99-7E62-4C59-93FF-49E91CAE4ECE}.Debug|Any CPU.Build.0 = Debug|Any CPU
		{9CE68B99-7E62-4C59-93FF-49E91CAE4ECE}.Release|Any CPU.ActiveCfg = Release|Any CPU
		{9CE68B99-7E62-4C59-93FF-49E91CAE4ECE}.Release|Any CPU.Build.0 = Release|Any CPU
		{528E1D53-3DEA-4965-BBDD-BE4A104D1EB3}.Debug|Any CPU.ActiveCfg = Debug|Any CPU
		{528E1D53-3DEA-4965-BBDD-BE4A104D1EB3}.Debug|Any CPU.Build.0 = Debug|Any CPU
		{528E1D53-3DEA-4965-BBDD-BE4A104D1EB3}.Release|Any CPU.ActiveCfg = Release|Any CPU
		{528E1D53-3DEA-4965-BBDD-BE4A104D1EB3}.Release|Any CPU.Build.0 = Release|Any CPU
		{9124921C-28E2-442E-BD85-C120187E1C0F}.Debug|Any CPU.ActiveCfg = Debug|Any CPU
		{9124921C-28E2-442E-BD85-C120187E1C0F}.Debug|Any CPU.Build.0 = Debug|Any CPU
		{9124921C-28E2-442E-BD85-C120187E1C0F}.Release|Any CPU.ActiveCfg = Release|Any CPU
		{9124921C-28E2-442E-BD85-C120187E1C0F}.Release|Any CPU.Build.0 = Release|Any CPU
		{5E3B7649-5D9A-45FC-A174-5BC3C45523C2}.Debug|Any CPU.ActiveCfg = Debug|Any CPU
		{5E3B7649-5D9A-45FC-A174-5BC3C45523C2}.Debug|Any CPU.Build.0 = Debug|Any CPU
		{5E3B7649-5D9A-45FC-A174-5BC3C45523C2}.Release|Any CPU.ActiveCfg = Release|Any CPU
		{5E3B7649-5D9A-45FC-A174-5BC3C45523C2}.Release|Any CPU.Build.0 = Release|Any CPU
		{5C3444DF-2214-4EE9-B33C-7068F26C44EE}.Debug|Any CPU.ActiveCfg = Debug|Any CPU
		{5C3444DF-2214-4EE9-B33C-7068F26C44EE}.Debug|Any CPU.Build.0 = Debug|Any CPU
		{5C3444DF-2214-4EE9-B33C-7068F26C44EE}.Release|Any CPU.ActiveCfg = Release|Any CPU
		{5C3444DF-2214-4EE9-B33C-7068F26C44EE}.Release|Any CPU.Build.0 = Release|Any CPU
		{084A60EB-1FBE-48EF-979E-B330F311414D}.Debug|Any CPU.ActiveCfg = Debug|Any CPU
		{084A60EB-1FBE-48EF-979E-B330F311414D}.Debug|Any CPU.Build.0 = Debug|Any CPU
		{084A60EB-1FBE-48EF-979E-B330F311414D}.Release|Any CPU.ActiveCfg = Release|Any CPU
		{084A60EB-1FBE-48EF-979E-B330F311414D}.Release|Any CPU.Build.0 = Release|Any CPU
		{EAA60DAD-5E17-4656-A354-72ED8F864D74}.Debug|Any CPU.ActiveCfg = Debug|Any CPU
		{EAA60DAD-5E17-4656-A354-72ED8F864D74}.Debug|Any CPU.Build.0 = Debug|Any CPU
		{EAA60DAD-5E17-4656-A354-72ED8F864D74}.Release|Any CPU.ActiveCfg = Release|Any CPU
		{EAA60DAD-5E17-4656-A354-72ED8F864D74}.Release|Any CPU.Build.0 = Release|Any CPU
	EndGlobalSection
	GlobalSection(SolutionProperties) = preSolution
		HideSolutionNode = FALSE
	EndGlobalSection
	GlobalSection(NestedProjects) = preSolution
		{9CE68B99-7E62-4C59-93FF-49E91CAE4ECE} = {26550564-7C40-42BF-895D-94C2C378D13C}
		{528E1D53-3DEA-4965-BBDD-BE4A104D1EB3} = {443C0D05-DE30-4870-957E-FEC6FA39273C}
		{9124921C-28E2-442E-BD85-C120187E1C0F} = {26550564-7C40-42BF-895D-94C2C378D13C}
		{5E3B7649-5D9A-45FC-A174-5BC3C45523C2} = {443C0D05-DE30-4870-957E-FEC6FA39273C}
		{5C3444DF-2214-4EE9-B33C-7068F26C44EE} = {94CE0889-105F-4167-80DD-44D4D263A589}
		{084A60EB-1FBE-48EF-979E-B330F311414D} = {B0C874F7-7398-4566-B308-39AC50CBCBD1}
		{EAA60DAD-5E17-4656-A354-72ED8F864D74} = {8A508EF5-AD44-426E-9495-2A0B67F991DF}
	EndGlobalSection
	GlobalSection(ExtensibilityGlobals) = postSolution
		SolutionGuid = {1E523235-826D-4973-BA72-3799C77E4F00}
	EndGlobalSection
EndGlobal
